
Microsoft Visual Studio Solution File, Format Version 12.00
# Visual Studio Version 17
VisualStudioVersion = 17.3.32901.215
MinimumVisualStudioVersion = 10.0.40219.1
Project("{FAE04EC0-301F-11D3-BF4B-00C04F79EFBC}") = "EazFuscatorTrialPatcher", "EazFuscatorTrialPatcher\EazFuscatorTrialPatcher.csproj", "{61E0EC1D-8EE6-49C1-BF9E-51C469866D29}"
EndProject
Global
	GlobalSection(SolutionConfigurationPlatforms) = preSolution
		Debug|Any CPU = Debug|Any CPU
		Release|Any CPU = Release|Any CPU
	EndGlobalSection
	GlobalSection(ProjectConfigurationPlatforms) = postSolution
		{61E0EC1D-8EE6-49C1-BF9E-51C469866D29}.Debug|Any CPU.ActiveCfg = Debug|Any CPU
		{61E0EC1D-8EE6-49C1-BF9E-51C469866D29}.Debug|Any CPU.Build.0 = Debug|Any CPU
		{61E0EC1D-8EE6-49C1-BF9E-51C469866D29}.Release|Any CPU.ActiveCfg = Release|Any CPU
		{61E0EC1D-8EE6-49C1-BF9E-51C469866D29}.Release|Any CPU.Build.0 = Release|Any CPU
	EndGlobalSection
	GlobalSection(SolutionProperties) = preSolution
		HideSolutionNode = FALSE
	EndGlobalSection
	GlobalSection(ExtensibilityGlobals) = postSolution
		SolutionGuid = {F221B876-2D59-4C65-B469-5735F9E5C2D5}
	EndGlobalSection
EndGlobal
